
Microsoft Visual Studio Solution File, Format Version 12.00
# Visual Studio Version 17
VisualStudioVersion = 17.2.32616.157
MinimumVisualStudioVersion = 10.0.40219.1
Project("{2150E333-8FDC-42A3-9474-1A3956D46DE8}") = "src", "src", "{D06B65F0-7243-47D5-B0F3-29770D2CC8AA}"
EndProject
Project("{2150E333-8FDC-42A3-9474-1A3956D46DE8}") = "Backend", "Backend", "{A66BF613-31A4-4089-A82A-F979DEF61244}"
EndProject
Project("{FAE04EC0-301F-11D3-BF4B-00C04F79EFBC}") = "MeuLivroDeReceitas.Api", "src\Backend\MeuLivroDeReceitas.Api\MeuLivroDeReceitas.Api.csproj", "{117A06F2-48AB-4C90-8FF4-EBAD9D4A8BAB}"
EndProject
Project("{FAE04EC0-301F-11D3-BF4B-00C04F79EFBC}") = "MeuLivroDeReceitas.Application", "src\Backend\MeuLivroDeReceitas.Application\MeuLivroDeReceitas.Application.csproj", "{5FFE1955-E85B-4C16-937A-BDAF758F2A98}"
EndProject
Project("{FAE04EC0-301F-11D3-BF4B-00C04F79EFBC}") = "MeuLivroDeReceitas.Domain", "src\Backend\MeuLivroDeReceitas.Domain\MeuLivroDeReceitas.Domain.csproj", "{D8D2ED0D-57A6-47DD-BBB5-02946593D44A}"
EndProject
Project("{FAE04EC0-301F-11D3-BF4B-00C04F79EFBC}") = "MeuLivroDeReceitas.Infrastructure", "src\Backend\MeuLivroDeReceitas.Infrastructure\MeuLivroDeReceitas.Infrastructure.csproj", "{B5B4C1F1-BD8E-4694-86FC-8F3D9B4023C3}"
EndProject
Project("{2150E333-8FDC-42A3-9474-1A3956D46DE8}") = "Shared", "Shared", "{3E5AA8A9-AA1A-4B48-91CF-1544B4ED9395}"
EndProject
Project("{FAE04EC0-301F-11D3-BF4B-00C04F79EFBC}") = "MeuLivroDeReceitas.Comunicacao", "src\Shared\MeuLivroDeReceitas.Comunicacao\MeuLivroDeReceitas.Comunicacao.csproj", "{3C95354F-6AD3-4DFC-B799-79009477F6F7}"
EndProject
Project("{FAE04EC0-301F-11D3-BF4B-00C04F79EFBC}") = "MeuLivroDeReceitas.Exceptions", "src\Shared\MeuLivroDeReceitas.Exceptions\MeuLivroDeReceitas.Exceptions.csproj", "{070E083C-D42E-4DBA-ACE6-F37ED9E85B96}"
EndProject
Project("{2150E333-8FDC-42A3-9474-1A3956D46DE8}") = "tests", "tests", "{0963BCA1-567C-4665-8C6B-D4D0125F1ADF}"
EndProject
Project("{FAE04EC0-301F-11D3-BF4B-00C04F79EFBC}") = "UseCases.Test", "tests\UseCases.Test\UseCases.Test.csproj", "{2170598F-0133-4447-B0F4-A786E7AC98DD}"
EndProject
Project("{FAE04EC0-301F-11D3-BF4B-00C04F79EFBC}") = "Validators.Test", "tests\Validators.Test\Validators.Test.csproj", "{F49A1289-8D4C-482C-BD34-966B6BD44364}"
EndProject
Project("{FAE04EC0-301F-11D3-BF4B-00C04F79EFBC}") = "WebApi.Test", "tests\WebApi.Test\WebApi.Test.csproj", "{1ECD78E4-F3C7-4A1B-BFD1-498FB18C364E}"
EndProject
Global
	GlobalSection(SolutionProperties) = preSolution
		HideSolutionNode = FALSE
	EndGlobalSection
	GlobalSection(ExtensibilityGlobals) = postSolution
		SolutionGuid = {D410A960-F75F-429E-9A13-ECF24D778231}
	EndGlobalSection
	GlobalSection(SolutionConfigurationPlatforms) = preSolution
		Debug|Any CPU = Debug|Any CPU
		Debug|x64 = Debug|x64
		Debug|x86 = Debug|x86
		Release|Any CPU = Release|Any CPU
		Release|x64 = Release|x64
		Release|x86 = Release|x86
	EndGlobalSection
	GlobalSection(ProjectConfigurationPlatforms) = postSolution
		{117A06F2-48AB-4C90-8FF4-EBAD9D4A8BAB}.Debug|Any CPU.ActiveCfg = Debug|Any CPU
		{117A06F2-48AB-4C90-8FF4-EBAD9D4A8BAB}.Debug|Any CPU.Build.0 = Debug|Any CPU
		{117A06F2-48AB-4C90-8FF4-EBAD9D4A8BAB}.Debug|x64.ActiveCfg = Debug|Any CPU
		{117A06F2-48AB-4C90-8FF4-EBAD9D4A8BAB}.Debug|x64.Build.0 = Debug|Any CPU
		{117A06F2-48AB-4C90-8FF4-EBAD9D4A8BAB}.Debug|x86.ActiveCfg = Debug|Any CPU
		{117A06F2-48AB-4C90-8FF4-EBAD9D4A8BAB}.Debug|x86.Build.0 = Debug|Any CPU
		{117A06F2-48AB-4C90-8FF4-EBAD9D4A8BAB}.Release|Any CPU.ActiveCfg = Release|Any CPU
		{117A06F2-48AB-4C90-8FF4-EBAD9D4A8BAB}.Release|Any CPU.Build.0 = Release|Any CPU
		{117A06F2-48AB-4C90-8FF4-EBAD9D4A8BAB}.Release|x64.ActiveCfg = Release|Any CPU
		{117A06F2-48AB-4C90-8FF4-EBAD9D4A8BAB}.Release|x64.Build.0 = Release|Any CPU
		{117A06F2-48AB-4C90-8FF4-EBAD9D4A8BAB}.Release|x86.ActiveCfg = Release|Any CPU
		{117A06F2-48AB-4C90-8FF4-EBAD9D4A8BAB}.Release|x86.Build.0 = Release|Any CPU
		{5FFE1955-E85B-4C16-937A-BDAF758F2A98}.Debug|Any CPU.ActiveCfg = Debug|Any CPU
		{5FFE1955-E85B-4C16-937A-BDAF758F2A98}.Debug|Any CPU.Build.0 = Debug|Any CPU
		{5FFE1955-E85B-4C16-937A-BDAF758F2A98}.Debug|x64.ActiveCfg = Debug|Any CPU
		{5FFE1955-E85B-4C16-937A-BDAF758F2A98}.Debug|x64.Build.0 = Debug|Any CPU
		{5FFE1955-E85B-4C16-937A-BDAF758F2A98}.Debug|x86.ActiveCfg = Debug|Any CPU
		{5FFE1955-E85B-4C16-937A-BDAF758F2A98}.Debug|x86.Build.0 = Debug|Any CPU
		{5FFE1955-E85B-4C16-937A-BDAF758F2A98}.Release|Any CPU.ActiveCfg = Release|Any CPU
		{5FFE1955-E85B-4C16-937A-BDAF758F2A98}.Release|Any CPU.Build.0 = Release|Any CPU
		{5FFE1955-E85B-4C16-937A-BDAF758F2A98}.Release|x64.ActiveCfg = Release|Any CPU
		{5FFE1955-E85B-4C16-937A-BDAF758F2A98}.Release|x64.Build.0 = Release|Any CPU
		{5FFE1955-E85B-4C16-937A-BDAF758F2A98}.Release|x86.ActiveCfg = Release|Any CPU
		{5FFE1955-E85B-4C16-937A-BDAF758F2A98}.Release|x86.Build.0 = Release|Any CPU
		{D8D2ED0D-57A6-47DD-BBB5-02946593D44A}.Debug|Any CPU.ActiveCfg = Debug|Any CPU
		{D8D2ED0D-57A6-47DD-BBB5-02946593D44A}.Debug|Any CPU.Build.0 = Debug|Any CPU
		{D8D2ED0D-57A6-47DD-BBB5-02946593D44A}.Debug|x64.ActiveCfg = Debug|Any CPU
		{D8D2ED0D-57A6-47DD-BBB5-02946593D44A}.Debug|x64.Build.0 = Debug|Any CPU
		{D8D2ED0D-57A6-47DD-BBB5-02946593D44A}.Debug|x86.ActiveCfg = Debug|Any CPU
		{D8D2ED0D-57A6-47DD-BBB5-02946593D44A}.Debug|x86.Build.0 = Debug|Any CPU
		{D8D2ED0D-57A6-47DD-BBB5-02946593D44A}.Release|Any CPU.ActiveCfg = Release|Any CPU
		{D8D2ED0D-57A6-47DD-BBB5-02946593D44A}.Release|Any CPU.Build.0 = Release|Any CPU
		{D8D2ED0D-57A6-47DD-BBB5-02946593D44A}.Release|x64.ActiveCfg = Release|Any CPU
		{D8D2ED0D-57A6-47DD-BBB5-02946593D44A}.Release|x64.Build.0 = Release|Any CPU
		{D8D2ED0D-57A6-47DD-BBB5-02946593D44A}.Release|x86.ActiveCfg = Release|Any CPU
		{D8D2ED0D-57A6-47DD-BBB5-02946593D44A}.Release|x86.Build.0 = Release|Any CPU
		{B5B4C1F1-BD8E-4694-86FC-8F3D9B4023C3}.Debug|Any CPU.ActiveCfg = Debug|Any CPU
		{B5B4C1F1-BD8E-4694-86FC-8F3D9B4023C3}.Debug|Any CPU.Build.0 = Debug|Any CPU
		{B5B4C1F1-BD8E-4694-86FC-8F3D9B4023C3}.Debug|x64.ActiveCfg = Debug|Any CPU
		{B5B4C1F1-BD8E-4694-86FC-8F3D9B4023C3}.Debug|x64.Build.0 = Debug|Any CPU
		{B5B4C1F1-BD8E-4694-86FC-8F3D9B4023C3}.Debug|x86.ActiveCfg = Debug|Any CPU
		{B5B4C1F1-BD8E-4694-86FC-8F3D9B4023C3}.Debug|x86.Build.0 = Debug|Any CPU
		{B5B4C1F1-BD8E-4694-86FC-8F3D9B4023C3}.Release|Any CPU.ActiveCfg = Release|Any CPU
		{B5B4C1F1-BD8E-4694-86FC-8F3D9B4023C3}.Release|Any CPU.Build.0 = Release|Any CPU
		{B5B4C1F1-BD8E-4694-86FC-8F3D9B4023C3}.Release|x64.ActiveCfg = Release|Any CPU
		{B5B4C1F1-BD8E-4694-86FC-8F3D9B4023C3}.Release|x64.Build.0 = Release|Any CPU
		{B5B4C1F1-BD8E-4694-86FC-8F3D9B4023C3}.Release|x86.ActiveCfg = Release|Any CPU
		{B5B4C1F1-BD8E-4694-86FC-8F3D9B4023C3}.Release|x86.Build.0 = Release|Any CPU
		{3C95354F-6AD3-4DFC-B799-79009477F6F7}.Debug|Any CPU.ActiveCfg = Debug|Any CPU
		{3C95354F-6AD3-4DFC-B799-79009477F6F7}.Debug|Any CPU.Build.0 = Debug|Any CPU
		{3C95354F-6AD3-4DFC-B799-79009477F6F7}.Debug|x64.ActiveCfg = Debug|Any CPU
		{3C95354F-6AD3-4DFC-B799-79009477F6F7}.Debug|x64.Build.0 = Debug|Any CPU
		{3C95354F-6AD3-4DFC-B799-79009477F6F7}.Debug|x86.ActiveCfg = Debug|Any CPU
		{3C95354F-6AD3-4DFC-B799-79009477F6F7}.Debug|x86.Build.0 = Debug|Any CPU
		{3C95354F-6AD3-4DFC-B799-79009477F6F7}.Release|Any CPU.ActiveCfg = Release|Any CPU
		{3C95354F-6AD3-4DFC-B799-79009477F6F7}.Release|Any CPU.Build.0 = Release|Any CPU
		{3C95354F-6AD3-4DFC-B799-79009477F6F7}.Release|x64.ActiveCfg = Release|Any CPU
		{3C95354F-6AD3-4DFC-B799-79009477F6F7}.Release|x64.Build.0 = Release|Any CPU
		{3C95354F-6AD3-4DFC-B799-79009477F6F7}.Release|x86.ActiveCfg = Release|Any CPU
		{3C95354F-6AD3-4DFC-B799-79009477F6F7}.Release|x86.Build.0 = Release|Any CPU
		{070E083C-D42E-4DBA-ACE6-F37ED9E85B96}.Debug|Any CPU.ActiveCfg = Debug|Any CPU
		{070E083C-D42E-4DBA-ACE6-F37ED9E85B96}.Debug|Any CPU.Build.0 = Debug|Any CPU
		{070E083C-D42E-4DBA-ACE6-F37ED9E85B96}.Debug|x64.ActiveCfg = Debug|Any CPU
		{070E083C-D42E-4DBA-ACE6-F37ED9E85B96}.Debug|x64.Build.0 = Debug|Any CPU
		{070E083C-D42E-4DBA-ACE6-F37ED9E85B96}.Debug|x86.ActiveCfg = Debug|Any CPU
		{070E083C-D42E-4DBA-ACE6-F37ED9E85B96}.Debug|x86.Build.0 = Debug|Any CPU
		{070E083C-D42E-4DBA-ACE6-F37ED9E85B96}.Release|Any CPU.ActiveCfg = Release|Any CPU
		{070E083C-D42E-4DBA-ACE6-F37ED9E85B96}.Release|Any CPU.Build.0 = Release|Any CPU
		{070E083C-D42E-4DBA-ACE6-F37ED9E85B96}.Release|x64.ActiveCfg = Release|Any CPU
		{070E083C-D42E-4DBA-ACE6-F37ED9E85B96}.Release|x64.Build.0 = Release|Any CPU
		{070E083C-D42E-4DBA-ACE6-F37ED9E85B96}.Release|x86.ActiveCfg = Release|Any CPU
		{070E083C-D42E-4DBA-ACE6-F37ED9E85B96}.Release|x86.Build.0 = Release|Any CPU
		{2170598F-0133-4447-B0F4-A786E7AC98DD}.Debug|Any CPU.ActiveCfg = Debug|Any CPU
		{2170598F-0133-4447-B0F4-A786E7AC98DD}.Debug|Any CPU.Build.0 = Debug|Any CPU
		{2170598F-0133-4447-B0F4-A786E7AC98DD}.Debug|x64.ActiveCfg = Debug|Any CPU
		{2170598F-0133-4447-B0F4-A786E7AC98DD}.Debug|x64.Build.0 = Debug|Any CPU
		{2170598F-0133-4447-B0F4-A786E7AC98DD}.Debug|x86.ActiveCfg = Debug|Any CPU
		{2170598F-0133-4447-B0F4-A786E7AC98DD}.Debug|x86.Build.0 = Debug|Any CPU
		{2170598F-0133-4447-B0F4-A786E7AC98DD}.Release|Any CPU.ActiveCfg = Release|Any CPU
		{2170598F-0133-4447-B0F4-A786E7AC98DD}.Release|Any CPU.Build.0 = Release|Any CPU
		{2170598F-0133-4447-B0F4-A786E7AC98DD}.Release|x64.ActiveCfg = Release|Any CPU
		{2170598F-0133-4447-B0F4-A786E7AC98DD}.Release|x64.Build.0 = Release|Any CPU
		{2170598F-0133-4447-B0F4-A786E7AC98DD}.Release|x86.ActiveCfg = Release|Any CPU
		{2170598F-0133-4447-B0F4-A786E7AC98DD}.Release|x86.Build.0 = Release|Any CPU
		{F49A1289-8D4C-482C-BD34-966B6BD44364}.Debug|Any CPU.ActiveCfg = Debug|Any CPU
		{F49A1289-8D4C-482C-BD34-966B6BD44364}.Debug|Any CPU.Build.0 = Debug|Any CPU
		{F49A1289-8D4C-482C-BD34-966B6BD44364}.Debug|x64.ActiveCfg = Debug|Any CPU
		{F49A1289-8D4C-482C-BD34-966B6BD44364}.Debug|x64.Build.0 = Debug|Any CPU
		{F49A1289-8D4C-482C-BD34-966B6BD44364}.Debug|x86.ActiveCfg = Debug|Any CPU
		{F49A1289-8D4C-482C-BD34-966B6BD44364}.Debug|x86.Build.0 = Debug|Any CPU
		{F49A1289-8D4C-482C-BD34-966B6BD44364}.Release|Any CPU.ActiveCfg = Release|Any CPU
		{F49A1289-8D4C-482C-BD34-966B6BD44364}.Release|Any CPU.Build.0 = Release|Any CPU
		{F49A1289-8D4C-482C-BD34-966B6BD44364}.Release|x64.ActiveCfg = Release|Any CPU
		{F49A1289-8D4C-482C-BD34-966B6BD44364}.Release|x64.Build.0 = Release|Any CPU
		{F49A1289-8D4C-482C-BD34-966B6BD44364}.Release|x86.ActiveCfg = Release|Any CPU
		{F49A1289-8D4C-482C-BD34-966B6BD44364}.Release|x86.Build.0 = Release|Any CPU
		{1ECD78E4-F3C7-4A1B-BFD1-498FB18C364E}.Debug|Any CPU.ActiveCfg = Debug|Any CPU
		{1ECD78E4-F3C7-4A1B-BFD1-498FB18C364E}.Debug|Any CPU.Build.0 = Debug|Any CPU
		{1ECD78E4-F3C7-4A1B-BFD1-498FB18C364E}.Debug|x64.ActiveCfg = Debug|Any CPU
		{1ECD78E4-F3C7-4A1B-BFD1-498FB18C364E}.Debug|x64.Build.0 = Debug|Any CPU
		{1ECD78E4-F3C7-4A1B-BFD1-498FB18C364E}.Debug|x86.ActiveCfg = Debug|Any CPU
		{1ECD78E4-F3C7-4A1B-BFD1-498FB18C364E}.Debug|x86.Build.0 = Debug|Any CPU
		{1ECD78E4-F3C7-4A1B-BFD1-498FB18C364E}.Release|Any CPU.ActiveCfg = Release|Any CPU
		{1ECD78E4-F3C7-4A1B-BFD1-498FB18C364E}.Release|Any CPU.Build.0 = Release|Any CPU
		{1ECD78E4-F3C7-4A1B-BFD1-498FB18C364E}.Release|x64.ActiveCfg = Release|Any CPU
		{1ECD78E4-F3C7-4A1B-BFD1-498FB18C364E}.Release|x64.Build.0 = Release|Any CPU
		{1ECD78E4-F3C7-4A1B-BFD1-498FB18C364E}.Release|x86.ActiveCfg = Release|Any CPU
		{1ECD78E4-F3C7-4A1B-BFD1-498FB18C364E}.Release|x86.Build.0 = Release|Any CPU
	EndGlobalSection
	GlobalSection(NestedProjects) = preSolution
		{A66BF613-31A4-4089-A82A-F979DEF61244} = {D06B65F0-7243-47D5-B0F3-29770D2CC8AA}
		{117A06F2-48AB-4C90-8FF4-EBAD9D4A8BAB} = {A66BF613-31A4-4089-A82A-F979DEF61244}
		{5FFE1955-E85B-4C16-937A-BDAF758F2A98} = {A66BF613-31A4-4089-A82A-F979DEF61244}
		{D8D2ED0D-57A6-47DD-BBB5-02946593D44A} = {A66BF613-31A4-4089-A82A-F979DEF61244}
		{B5B4C1F1-BD8E-4694-86FC-8F3D9B4023C3} = {A66BF613-31A4-4089-A82A-F979DEF61244}
		{3E5AA8A9-AA1A-4B48-91CF-1544B4ED9395} = {D06B65F0-7243-47D5-B0F3-29770D2CC8AA}
		{3C95354F-6AD3-4DFC-B799-79009477F6F7} = {3E5AA8A9-AA1A-4B48-91CF-1544B4ED9395}
		{070E083C-D42E-4DBA-ACE6-F37ED9E85B96} = {3E5AA8A9-AA1A-4B48-91CF-1544B4ED9395}
		{2170598F-0133-4447-B0F4-A786E7AC98DD} = {0963BCA1-567C-4665-8C6B-D4D0125F1ADF}
		{F49A1289-8D4C-482C-BD34-966B6BD44364} = {0963BCA1-567C-4665-8C6B-D4D0125F1ADF}
		{1ECD78E4-F3C7-4A1B-BFD1-498FB18C364E} = {0963BCA1-567C-4665-8C6B-D4D0125F1ADF}
	EndGlobalSection
EndGlobal
